
Microsoft Visual Studio Solution File, Format Version 12.00
# Visual Studio Version 17
VisualStudioVersion = 17.6.33815.320
MinimumVisualStudioVersion = 10.0.40219.1
Project("{FAE04EC0-301F-11D3-BF4B-00C04F79EFBC}") = "WpfAppBicajkolcsonzo", "WpfAppBicajkolcsonzo\WpfAppBicajkolcsonzo.csproj", "{A765FF3A-F89C-4F45-8194-3A855D17D80E}"
EndProject
Global
	GlobalSection(SolutionConfigurationPlatforms) = preSolution
		Debug|Any CPU = Debug|Any CPU
		Release|Any CPU = Release|Any CPU
	EndGlobalSection
	GlobalSection(ProjectConfigurationPlatforms) = postSolution
		{A765FF3A-F89C-4F45-8194-3A855D17D80E}.Debug|Any CPU.ActiveCfg = Debug|Any CPU
		{A765FF3A-F89C-4F45-8194-3A855D17D80E}.Debug|Any CPU.Build.0 = Debug|Any CPU
		{A765FF3A-F89C-4F45-8194-3A855D17D80E}.Release|Any CPU.ActiveCfg = Release|Any CPU
		{A765FF3A-F89C-4F45-8194-3A855D17D80E}.Release|Any CPU.Build.0 = Release|Any CPU
	EndGlobalSection
	GlobalSection(SolutionProperties) = preSolution
		HideSolutionNode = FALSE
	EndGlobalSection
	GlobalSection(ExtensibilityGlobals) = postSolution
		SolutionGuid = {3D5BC1AB-597B-4EEB-A6BB-CF887D4A6F77}
	EndGlobalSection
EndGlobal
